
Microsoft Visual Studio Solution File, Format Version 12.00
# Visual Studio Version 16
VisualStudioVersion = 16.0.31112.23
MinimumVisualStudioVersion = 10.0.40219.1
Project("{FAE04EC0-301F-11D3-BF4B-00C04F79EFBC}") = "bOOP", "bOOP\bOOP.csproj", "{D239307A-4FFB-4896-B43A-F3FAF2B01C36}"
EndProject
Global
	GlobalSection(SolutionConfigurationPlatforms) = preSolution
		Debug|Any CPU = Debug|Any CPU
		Release|Any CPU = Release|Any CPU
	EndGlobalSection
	GlobalSection(ProjectConfigurationPlatforms) = postSolution
		{D239307A-4FFB-4896-B43A-F3FAF2B01C36}.Debug|Any CPU.ActiveCfg = Debug|Any CPU
		{D239307A-4FFB-4896-B43A-F3FAF2B01C36}.Debug|Any CPU.Build.0 = Debug|Any CPU
		{D239307A-4FFB-4896-B43A-F3FAF2B01C36}.Release|Any CPU.ActiveCfg = Release|Any CPU
		{D239307A-4FFB-4896-B43A-F3FAF2B01C36}.Release|Any CPU.Build.0 = Release|Any CPU
	EndGlobalSection
	GlobalSection(SolutionProperties) = preSolution
		HideSolutionNode = FALSE
	EndGlobalSection
	GlobalSection(ExtensibilityGlobals) = postSolution
		SolutionGuid = {5370FF4E-DCA6-4334-9810-6DEE10A44851}
	EndGlobalSection
EndGlobal
